
Microsoft Visual Studio Solution File, Format Version 12.00
# Visual Studio Version 16
VisualStudioVersion = 16.0.30011.22
MinimumVisualStudioVersion = 10.0.40219.1
Project("{FAE04EC0-301F-11D3-BF4B-00C04F79EFBC}") = "Data Structures", "Data Structures\Data Structures.csproj", "{8A6EDD35-DA82-4E17-B845-FA620A7EACC2}"
EndProject
Project("{FAE04EC0-301F-11D3-BF4B-00C04F79EFBC}") = "Array", "Array\Array.csproj", "{35D2C205-3255-46F2-92E8-9CCC4005677D}"
EndProject
Project("{FAE04EC0-301F-11D3-BF4B-00C04F79EFBC}") = "Linked List", "Linked List\Linked List.csproj", "{C58D4F66-51AE-4D4E-97E3-9DE01DFCACE9}"
EndProject
Global
	GlobalSection(SolutionConfigurationPlatforms) = preSolution
		Debug|Any CPU = Debug|Any CPU
		Release|Any CPU = Release|Any CPU
	EndGlobalSection
	GlobalSection(ProjectConfigurationPlatforms) = postSolution
		{8A6EDD35-DA82-4E17-B845-FA620A7EACC2}.Debug|Any CPU.ActiveCfg = Debug|Any CPU
		{8A6EDD35-DA82-4E17-B845-FA620A7EACC2}.Debug|Any CPU.Build.0 = Debug|Any CPU
		{8A6EDD35-DA82-4E17-B845-FA620A7EACC2}.Release|Any CPU.ActiveCfg = Release|Any CPU
		{8A6EDD35-DA82-4E17-B845-FA620A7EACC2}.Release|Any CPU.Build.0 = Release|Any CPU
		{35D2C205-3255-46F2-92E8-9CCC4005677D}.Debug|Any CPU.ActiveCfg = Debug|Any CPU
		{35D2C205-3255-46F2-92E8-9CCC4005677D}.Debug|Any CPU.Build.0 = Debug|Any CPU
		{35D2C205-3255-46F2-92E8-9CCC4005677D}.Release|Any CPU.ActiveCfg = Release|Any CPU
		{35D2C205-3255-46F2-92E8-9CCC4005677D}.Release|Any CPU.Build.0 = Release|Any CPU
		{C58D4F66-51AE-4D4E-97E3-9DE01DFCACE9}.Debug|Any CPU.ActiveCfg = Debug|Any CPU
		{C58D4F66-51AE-4D4E-97E3-9DE01DFCACE9}.Debug|Any CPU.Build.0 = Debug|Any CPU
		{C58D4F66-51AE-4D4E-97E3-9DE01DFCACE9}.Release|Any CPU.ActiveCfg = Release|Any CPU
		{C58D4F66-51AE-4D4E-97E3-9DE01DFCACE9}.Release|Any CPU.Build.0 = Release|Any CPU
	EndGlobalSection
	GlobalSection(SolutionProperties) = preSolution
		HideSolutionNode = FALSE
	EndGlobalSection
	GlobalSection(ExtensibilityGlobals) = postSolution
		SolutionGuid = {445691E2-C3D9-48DB-B717-C42554FF9308}
	EndGlobalSection
EndGlobal
